
Microsoft Visual Studio Solution File, Format Version 12.00
# Visual Studio Version 16
VisualStudioVersion = 16.0.29806.167
MinimumVisualStudioVersion = 10.0.40219.1
Project("{9A19103F-16F7-4668-BE54-9A1E7A4F7556}") = "Registration.Domain", "Registration.Domain\Registration.Domain.csproj", "{6457C137-C210-4498-9F48-D09F253AA21C}"
EndProject
Project("{9A19103F-16F7-4668-BE54-9A1E7A4F7556}") = "Registration.Infrastructure", "Registration.Infrastructure\Registration.Infrastructure.csproj", "{C8AFF47D-FDA4-47DC-87E3-77AE2146A9C6}"
EndProject
Project("{9A19103F-16F7-4668-BE54-9A1E7A4F7556}") = "Registration.API", "Registration.API\Registration.API.csproj", "{D58CE183-D995-4518-8D07-920CD467D3C5}"
EndProject
Project("{2150E333-8FDC-42A3-9474-1A3956D46DE8}") = "DBScripts", "DBScripts", "{ED3F2435-8219-44F0-B18C-2FBEDBC0022B}"
	ProjectSection(SolutionItems) = preProject
		DBScripts\Patient.sql = DBScripts\Patient.sql
		DBScripts\PatientAddress.sql = DBScripts\PatientAddress.sql
	EndProjectSection
EndProject
Project("{FAE04EC0-301F-11D3-BF4B-00C04F79EFBC}") = "Registration.Simplified.API", "Registration.Simplified.API\Registration.Simplified.API.csproj", "{D73E34CB-F748-4DF2-A1CE-2131E841224E}"
EndProject
Global
	GlobalSection(SolutionConfigurationPlatforms) = preSolution
		Debug|Any CPU = Debug|Any CPU
		Release|Any CPU = Release|Any CPU
	EndGlobalSection
	GlobalSection(ProjectConfigurationPlatforms) = postSolution
		{6457C137-C210-4498-9F48-D09F253AA21C}.Debug|Any CPU.ActiveCfg = Debug|Any CPU
		{6457C137-C210-4498-9F48-D09F253AA21C}.Debug|Any CPU.Build.0 = Debug|Any CPU
		{6457C137-C210-4498-9F48-D09F253AA21C}.Release|Any CPU.ActiveCfg = Release|Any CPU
		{6457C137-C210-4498-9F48-D09F253AA21C}.Release|Any CPU.Build.0 = Release|Any CPU
		{C8AFF47D-FDA4-47DC-87E3-77AE2146A9C6}.Debug|Any CPU.ActiveCfg = Debug|Any CPU
		{C8AFF47D-FDA4-47DC-87E3-77AE2146A9C6}.Debug|Any CPU.Build.0 = Debug|Any CPU
		{C8AFF47D-FDA4-47DC-87E3-77AE2146A9C6}.Release|Any CPU.ActiveCfg = Release|Any CPU
		{C8AFF47D-FDA4-47DC-87E3-77AE2146A9C6}.Release|Any CPU.Build.0 = Release|Any CPU
		{D58CE183-D995-4518-8D07-920CD467D3C5}.Debug|Any CPU.ActiveCfg = Debug|Any CPU
		{D58CE183-D995-4518-8D07-920CD467D3C5}.Debug|Any CPU.Build.0 = Debug|Any CPU
		{D58CE183-D995-4518-8D07-920CD467D3C5}.Release|Any CPU.ActiveCfg = Release|Any CPU
		{D58CE183-D995-4518-8D07-920CD467D3C5}.Release|Any CPU.Build.0 = Release|Any CPU
		{D73E34CB-F748-4DF2-A1CE-2131E841224E}.Debug|Any CPU.ActiveCfg = Debug|Any CPU
		{D73E34CB-F748-4DF2-A1CE-2131E841224E}.Debug|Any CPU.Build.0 = Debug|Any CPU
		{D73E34CB-F748-4DF2-A1CE-2131E841224E}.Release|Any CPU.ActiveCfg = Release|Any CPU
		{D73E34CB-F748-4DF2-A1CE-2131E841224E}.Release|Any CPU.Build.0 = Release|Any CPU
	EndGlobalSection
	GlobalSection(SolutionProperties) = preSolution
		HideSolutionNode = FALSE
	EndGlobalSection
	GlobalSection(ExtensibilityGlobals) = postSolution
		SolutionGuid = {EE25F911-56B9-4A15-9500-440E848F1091}
	EndGlobalSection
EndGlobal
